{
  "name": "mh-wiki",
  "version": "1.0.0",
  "lockfileVersion": 1,
  "requires": true,
  "dependencies": {
    "tiddlywiki": {
      "version": "5.2.2",
      "resolved": "https://registry.npmjs.org/tiddlywiki/-/tiddlywiki-5.2.2.tgz",
      "integrity": "sha512-xAY30p06CI6oFvebL/BnPtM9rbYRG14AVbpEfTvCHjpGutYsn6XBOogbhqnAxncmifFK3CaBGfiaqPNGi6rxGQ=="
    }
  }
}
